// !$*UTF8*$!
{
	archiveVersion = 1;
	classes = {
	};
	objectVersion = 52;
	objects = {

/* Begin PBXBuildFile section */
		B30126C9244573D300A80C1A /* Pods_Pizzeria_Los_Arcos.framework in Frameworks */ = {isa = PBXBuildFile; fileRef = 3750D44A2B553E2E4B3AEC8E /* Pods_Pizzeria_Los_Arcos.framework */; };
		B316BC792470D7DD00C22CE5 /* ScrambledEggsViewController.swift in Sources */ = {isa = PBXBuildFile; fileRef = B316BC782470D7DD00C22CE5 /* ScrambledEggsViewController.swift */; };
		B33DBF1C240CBF5300E8AFBB /* DrinksViewController.swift in Sources */ = {isa = PBXBuildFile; fileRef = B33DBF1B240CBF5300E8AFBB /* DrinksViewController.swift */; };
		B34820292400E103009BBEC5 /* FoodMenu.swift in Sources */ = {isa = PBXBuildFile; fileRef = B34820282400E103009BBEC5 /* FoodMenu.swift */; };
		B352121E23F3991B0046A46E /* FoodCell.swift in Sources */ = {isa = PBXBuildFile; fileRef = B352121C23F3991B0046A46E /* FoodCell.swift */; };
		B352121F23F3991B0046A46E /* FoodCell.xib in Resources */ = {isa = PBXBuildFile; fileRef = B352121D23F3991B0046A46E /* FoodCell.xib */; };
		B35B27CA24075C720095A18F /* BurgerViewController.swift in Sources */ = {isa = PBXBuildFile; fileRef = B35B27C924075C720095A18F /* BurgerViewController.swift */; };
		B364E45C24232758008B7858 /* IQKeyboardManagerSwift in Frameworks */ = {isa = PBXBuildFile; productRef = B364E45B24232758008B7858 /* IQKeyboardManagerSwift */; };
		B369C81A24611A4B00EDCF65 /* BreakfastsEggsViewController.swift in Sources */ = {isa = PBXBuildFile; fileRef = B369C81924611A4B00EDCF65 /* BreakfastsEggsViewController.swift */; };
		B36F3C36243595130048C7E6 /* TermsDetailsViewController.swift in Sources */ = {isa = PBXBuildFile; fileRef = B36F3C35243595130048C7E6 /* TermsDetailsViewController.swift */; };
		B3704C2023FCCFBD00D51C38 /* ListOrderCell.swift in Sources */ = {isa = PBXBuildFile; fileRef = B3704C1E23FCCFBD00D51C38 /* ListOrderCell.swift */; };
		B3704C2123FCCFBD00D51C38 /* ListOrderCell.xib in Resources */ = {isa = PBXBuildFile; fileRef = B3704C1F23FCCFBD00D51C38 /* ListOrderCell.xib */; };
		B371A44923ED1F1B009C02D5 /* GoogleService-Info.plist in Resources */ = {isa = PBXBuildFile; fileRef = B371A44823ED1F1B009C02D5 /* GoogleService-Info.plist */; };
		B371A44B23ED2194009C02D5 /* Assets.xcassets in Resources */ = {isa = PBXBuildFile; fileRef = B371A44A23ED2194009C02D5 /* Assets.xcassets */; };
		B371A44F23ED34F9009C02D5 /* RegisterNumberViewController.swift in Sources */ = {isa = PBXBuildFile; fileRef = B371A44E23ED34F9009C02D5 /* RegisterNumberViewController.swift */; };
		B37252DA243301E30071AAD8 /* TermsAndConditionsViewController.swift in Sources */ = {isa = PBXBuildFile; fileRef = B37252D9243301E30071AAD8 /* TermsAndConditionsViewController.swift */; };
		B3744DB02444F69800186873 /* HistoryOrdersTableViewController.swift in Sources */ = {isa = PBXBuildFile; fileRef = B3744DAF2444F69800186873 /* HistoryOrdersTableViewController.swift */; };
		B3744DB22444F82900186873 /* OrderHistory.swift in Sources */ = {isa = PBXBuildFile; fileRef = B3744DB12444F82900186873 /* OrderHistory.swift */; };
		B3744DB52444F8BA00186873 /* OrderCell.swift in Sources */ = {isa = PBXBuildFile; fileRef = B3744DB32444F8BA00186873 /* OrderCell.swift */; };
		B3744DB62444F8BA00186873 /* OrderCell.xib in Resources */ = {isa = PBXBuildFile; fileRef = B3744DB42444F8BA00186873 /* OrderCell.xib */; };
		B3744DB824451E5400186873 /* DetailOrderViewController.swift in Sources */ = {isa = PBXBuildFile; fileRef = B3744DB724451E5400186873 /* DetailOrderViewController.swift */; };
		B37A161B23F2564400B8607F /* OrdersViewController.swift in Sources */ = {isa = PBXBuildFile; fileRef = B37A161A23F2564400B8607F /* OrdersViewController.swift */; };
		B37A161D23F2579700B8607F /* Orders.swift in Sources */ = {isa = PBXBuildFile; fileRef = B37A161C23F2579700B8607F /* Orders.swift */; };
		B37A161F23F25A8F00B8607F /* Food.swift in Sources */ = {isa = PBXBuildFile; fileRef = B37A161E23F25A8F00B8607F /* Food.swift */; };
		B37A162123F2643600B8607F /* K.swift in Sources */ = {isa = PBXBuildFile; fileRef = B37A162023F2643600B8607F /* K.swift */; };
		B37A162323F2677800B8607F /* FoodViewController.swift in Sources */ = {isa = PBXBuildFile; fileRef = B37A162223F2677800B8607F /* FoodViewController.swift */; };
		B37A162523F2694F00B8607F /* PizzasViewController.swift in Sources */ = {isa = PBXBuildFile; fileRef = B37A162423F2694F00B8607F /* PizzasViewController.swift */; };
		B37E22A8244BC15000A08F63 /* SSBadgeButton.swift in Sources */ = {isa = PBXBuildFile; fileRef = B37E22A7244BC15000A08F63 /* SSBadgeButton.swift */; };
		B37EFD2323EE520C004B1A7A /* VericationCodeViewController.swift in Sources */ = {isa = PBXBuildFile; fileRef = B37EFD2223EE520C004B1A7A /* VericationCodeViewController.swift */; };
		B37EFD2523EE58C6004B1A7A /* CreatePasswordViewController.swift in Sources */ = {isa = PBXBuildFile; fileRef = B37EFD2423EE58C6004B1A7A /* CreatePasswordViewController.swift */; };
		B38AAE2F240365F700C5CDFD /* ExtraIngreditMenu.swift in Sources */ = {isa = PBXBuildFile; fileRef = B38AAE2E240365F700C5CDFD /* ExtraIngreditMenu.swift */; };
		B390A2592436DD3400EBF542 /* TerminosCondiciones.html in Resources */ = {isa = PBXBuildFile; fileRef = B390A2582436DD3400EBF542 /* TerminosCondiciones.html */; };
		B390A25B2436E0C200EBF542 /* AvisoPrivacidad.html in Resources */ = {isa = PBXBuildFile; fileRef = B390A25A2436E0C200EBF542 /* AvisoPrivacidad.html */; };
		B391C74D23C1904800E821C5 /* AppDelegate.swift in Sources */ = {isa = PBXBuildFile; fileRef = B391C74C23C1904800E821C5 /* AppDelegate.swift */; };
		B391C74F23C1904800E821C5 /* SceneDelegate.swift in Sources */ = {isa = PBXBuildFile; fileRef = B391C74E23C1904800E821C5 /* SceneDelegate.swift */; };
		B391C75423C1904800E821C5 /* Main.storyboard in Resources */ = {isa = PBXBuildFile; fileRef = B391C75223C1904800E821C5 /* Main.storyboard */; };
		B391C75923C1904900E821C5 /* LaunchScreen.storyboard in Resources */ = {isa = PBXBuildFile; fileRef = B391C75723C1904900E821C5 /* LaunchScreen.storyboard */; };
		B3976C1D246E3FAF004D0E08 /* HalfViewController.swift in Sources */ = {isa = PBXBuildFile; fileRef = B3976C1C246E3FAF004D0E08 /* HalfViewController.swift */; };
		B39C5F622463B8F200607BA4 /* BreakfastsEggs2ViewController.swift in Sources */ = {isa = PBXBuildFile; fileRef = B39C5F612463B8F200607BA4 /* BreakfastsEggs2ViewController.swift */; };
		B3A2486723EA6FD300D11FE6 /* RegisterViewController.swift in Sources */ = {isa = PBXBuildFile; fileRef = B3A2486623EA6FD300D11FE6 /* RegisterViewController.swift */; };
		B3A2486923EA8AE200D11FE6 /* LoginViewController.swift in Sources */ = {isa = PBXBuildFile; fileRef = B3A2486823EA8AE200D11FE6 /* LoginViewController.swift */; };
		B3A2486B23EA8AF200D11FE6 /* MenuViewController.swift in Sources */ = {isa = PBXBuildFile; fileRef = B3A2486A23EA8AF200D11FE6 /* MenuViewController.swift */; };
		B3A3404E23F4EFEE002F4224 /* ExtraIngredientViewController.swift in Sources */ = {isa = PBXBuildFile; fileRef = B3A3404D23F4EFEE002F4224 /* ExtraIngredientViewController.swift */; };
		B3A3405023F4F3C3002F4224 /* ExtraIngredient.swift in Sources */ = {isa = PBXBuildFile; fileRef = B3A3404F23F4F3C3002F4224 /* ExtraIngredient.swift */; };
		B3AE4DD1244CF7850055A304 /* BreakfastsViewController.swift in Sources */ = {isa = PBXBuildFile; fileRef = B3AE4DD0244CF7850055A304 /* BreakfastsViewController.swift */; };
		B3B365F12431D35B000E2064 /* Counters.swift in Sources */ = {isa = PBXBuildFile; fileRef = B3B365F02431D35B000E2064 /* Counters.swift */; };
		B3B9013523F0F8E90023F39C /* MenuTabBarViewController.swift in Sources */ = {isa = PBXBuildFile; fileRef = B3B9013423F0F8E90023F39C /* MenuTabBarViewController.swift */; };
		B3B9013723F0FAF20023F39C /* AccountViewController.swift in Sources */ = {isa = PBXBuildFile; fileRef = B3B9013623F0FAF20023F39C /* AccountViewController.swift */; };
		B3B9013923F1027C0023F39C /* WelcomeViewController.swift in Sources */ = {isa = PBXBuildFile; fileRef = B3B9013823F1027C0023F39C /* WelcomeViewController.swift */; };
		B3D58F892466492300B357FC /* SaucersViewController.swift in Sources */ = {isa = PBXBuildFile; fileRef = B3D58F882466492300B357FC /* SaucersViewController.swift */; };
		B3E17098244427C40019842F /* AppManager.swift in Sources */ = {isa = PBXBuildFile; fileRef = B3E17097244427C40019842F /* AppManager.swift */; };
		B3ED9BCE2457DA40004F1E60 /* RefreshmentsTableViewCell.swift in Sources */ = {isa = PBXBuildFile; fileRef = B3ED9BCC2457DA40004F1E60 /* RefreshmentsTableViewCell.swift */; };
		B3ED9BCF2457DA40004F1E60 /* RefreshmentsTableViewCell.xib in Resources */ = {isa = PBXBuildFile; fileRef = B3ED9BCD2457DA40004F1E60 /* RefreshmentsTableViewCell.xib */; };
		B3ED9BD12457DFCA004F1E60 /* KidsViewController.swift in Sources */ = {isa = PBXBuildFile; fileRef = B3ED9BD02457DFC9004F1E60 /* KidsViewController.swift */; };
/* End PBXBuildFile section */

/* Begin PBXFileReference section */
		06EA3503E2432B1E9F33EC14 /* Pods-Pizzeria Los Arcos.release.xcconfig */ = {isa = PBXFileReference; includeInIndex = 1; lastKnownFileType = text.xcconfig; name = "Pods-Pizzeria Los Arcos.release.xcconfig"; path = "Target Support Files/Pods-Pizzeria Los Arcos/Pods-Pizzeria Los Arcos.release.xcconfig"; sourceTree = "<group>"; };
		180BEA9D03ED3D5B15223751 /* Pods-Pizzeria Los Arcos.debug.xcconfig */ = {isa = PBXFileReference; includeInIndex = 1; lastKnownFileType = text.xcconfig; name = "Pods-Pizzeria Los Arcos.debug.xcconfig"; path = "Target Support Files/Pods-Pizzeria Los Arcos/Pods-Pizzeria Los Arcos.debug.xcconfig"; sourceTree = "<group>"; };
		3750D44A2B553E2E4B3AEC8E /* Pods_Pizzeria_Los_Arcos.framework */ = {isa = PBXFileReference; explicitFileType = wrapper.framework; includeInIndex = 0; path = Pods_Pizzeria_Los_Arcos.framework; sourceTree = BUILT_PRODUCTS_DIR; };
		B316BC782470D7DD00C22CE5 /* ScrambledEggsViewController.swift */ = {isa = PBXFileReference; lastKnownFileType = sourcecode.swift; path = ScrambledEggsViewController.swift; sourceTree = "<group>"; };
		B33DBF1B240CBF5300E8AFBB /* DrinksViewController.swift */ = {isa = PBXFileReference; lastKnownFileType = sourcecode.swift; path = DrinksViewController.swift; sourceTree = "<group>"; };
		B34820282400E103009BBEC5 /* FoodMenu.swift */ = {isa = PBXFileReference; lastKnownFileType = sourcecode.swift; path = FoodMenu.swift; sourceTree = "<group>"; };
		B352121C23F3991B0046A46E /* FoodCell.swift */ = {isa = PBXFileReference; lastKnownFileType = sourcecode.swift; path = FoodCell.swift; sourceTree = "<group>"; };
		B352121D23F3991B0046A46E /* FoodCell.xib */ = {isa = PBXFileReference; lastKnownFileType = file.xib; path = FoodCell.xib; sourceTree = "<group>"; };
		B35B27C924075C720095A18F /* BurgerViewController.swift */ = {isa = PBXFileReference; lastKnownFileType = sourcecode.swift; path = BurgerViewController.swift; sourceTree = "<group>"; };
		B369C81924611A4B00EDCF65 /* BreakfastsEggsViewController.swift */ = {isa = PBXFileReference; lastKnownFileType = sourcecode.swift; path = BreakfastsEggsViewController.swift; sourceTree = "<group>"; };
		B36F3C35243595130048C7E6 /* TermsDetailsViewController.swift */ = {isa = PBXFileReference; lastKnownFileType = sourcecode.swift; path = TermsDetailsViewController.swift; sourceTree = "<group>"; };
		B3704C1E23FCCFBD00D51C38 /* ListOrderCell.swift */ = {isa = PBXFileReference; lastKnownFileType = sourcecode.swift; path = ListOrderCell.swift; sourceTree = "<group>"; };
		B3704C1F23FCCFBD00D51C38 /* ListOrderCell.xib */ = {isa = PBXFileReference; lastKnownFileType = file.xib; path = ListOrderCell.xib; sourceTree = "<group>"; };
		B371A44823ED1F1B009C02D5 /* GoogleService-Info.plist */ = {isa = PBXFileReference; fileEncoding = 4; lastKnownFileType = text.plist.xml; path = "GoogleService-Info.plist"; sourceTree = "<group>"; };
		B371A44A23ED2194009C02D5 /* Assets.xcassets */ = {isa = PBXFileReference; lastKnownFileType = folder.assetcatalog; path = Assets.xcassets; sourceTree = "<group>"; };
		B371A44D23ED286D009C02D5 /* Pizzería Los Arcos.entitlements */ = {isa = PBXFileReference; fileEncoding = 4; lastKnownFileType = text.plist.entitlements; path = "Pizzería Los Arcos.entitlements"; sourceTree = "<group>"; };
		B371A44E23ED34F9009C02D5 /* RegisterNumberViewController.swift */ = {isa = PBXFileReference; lastKnownFileType = sourcecode.swift; path = RegisterNumberViewController.swift; sourceTree = "<group>"; };
		B37252D9243301E30071AAD8 /* TermsAndConditionsViewController.swift */ = {isa = PBXFileReference; lastKnownFileType = sourcecode.swift; path = TermsAndConditionsViewController.swift; sourceTree = "<group>"; };
		B3744DAF2444F69800186873 /* HistoryOrdersTableViewController.swift */ = {isa = PBXFileReference; lastKnownFileType = sourcecode.swift; path = HistoryOrdersTableViewController.swift; sourceTree = "<group>"; };
		B3744DB12444F82900186873 /* OrderHistory.swift */ = {isa = PBXFileReference; lastKnownFileType = sourcecode.swift; path = OrderHistory.swift; sourceTree = "<group>"; };
		B3744DB32444F8BA00186873 /* OrderCell.swift */ = {isa = PBXFileReference; fileEncoding = 4; lastKnownFileType = sourcecode.swift; path = OrderCell.swift; sourceTree = "<group>"; };
		B3744DB42444F8BA00186873 /* OrderCell.xib */ = {isa = PBXFileReference; fileEncoding = 4; lastKnownFileType = file.xib; path = OrderCell.xib; sourceTree = "<group>"; };
		B3744DB724451E5400186873 /* DetailOrderViewController.swift */ = {isa = PBXFileReference; lastKnownFileType = sourcecode.swift; path = DetailOrderViewController.swift; sourceTree = "<group>"; };
		B37A161A23F2564400B8607F /* OrdersViewController.swift */ = {isa = PBXFileReference; lastKnownFileType = sourcecode.swift; path = OrdersViewController.swift; sourceTree = "<group>"; };
		B37A161C23F2579700B8607F /* Orders.swift */ = {isa = PBXFileReference; lastKnownFileType = sourcecode.swift; path = Orders.swift; sourceTree = "<group>"; };
		B37A161E23F25A8F00B8607F /* Food.swift */ = {isa = PBXFileReference; lastKnownFileType = sourcecode.swift; path = Food.swift; sourceTree = "<group>"; };
		B37A162023F2643600B8607F /* K.swift */ = {isa = PBXFileReference; lastKnownFileType = sourcecode.swift; path = K.swift; sourceTree = "<group>"; };
		B37A162223F2677800B8607F /* FoodViewController.swift */ = {isa = PBXFileReference; lastKnownFileType = sourcecode.swift; path = FoodViewController.swift; sourceTree = "<group>"; };
		B37A162423F2694F00B8607F /* PizzasViewController.swift */ = {isa = PBXFileReference; lastKnownFileType = sourcecode.swift; path = PizzasViewController.swift; sourceTree = "<group>"; };
		B37E22A3244BBF3400A08F63 /* Pizzeria Los Arcos-Bridging-Header.h */ = {isa = PBXFileReference; lastKnownFileType = sourcecode.c.h; path = "Pizzeria Los Arcos-Bridging-Header.h"; sourceTree = "<group>"; };
		B37E22A7244BC15000A08F63 /* SSBadgeButton.swift */ = {isa = PBXFileReference; lastKnownFileType = sourcecode.swift; path = SSBadgeButton.swift; sourceTree = "<group>"; };
		B37EFD2223EE520C004B1A7A /* VericationCodeViewController.swift */ = {isa = PBXFileReference; lastKnownFileType = sourcecode.swift; path = VericationCodeViewController.swift; sourceTree = "<group>"; };
		B37EFD2423EE58C6004B1A7A /* CreatePasswordViewController.swift */ = {isa = PBXFileReference; lastKnownFileType = sourcecode.swift; path = CreatePasswordViewController.swift; sourceTree = "<group>"; };
		B38AAE2E240365F700C5CDFD /* ExtraIngreditMenu.swift */ = {isa = PBXFileReference; lastKnownFileType = sourcecode.swift; path = ExtraIngreditMenu.swift; sourceTree = "<group>"; };
		B390A2582436DD3400EBF542 /* TerminosCondiciones.html */ = {isa = PBXFileReference; fileEncoding = 4; lastKnownFileType = text.html; path = TerminosCondiciones.html; sourceTree = "<group>"; };
		B390A25A2436E0C200EBF542 /* AvisoPrivacidad.html */ = {isa = PBXFileReference; fileEncoding = 4; lastKnownFileType = text.html; path = AvisoPrivacidad.html; sourceTree = "<group>"; };
		B391C74923C1904800E821C5 /* Pizzería Los Arcos Gómez Morin.app */ = {isa = PBXFileReference; explicitFileType = wrapper.application; includeInIndex = 0; path = "Pizzería Los Arcos Gómez Morin.app"; sourceTree = BUILT_PRODUCTS_DIR; };
		B391C74C23C1904800E821C5 /* AppDelegate.swift */ = {isa = PBXFileReference; lastKnownFileType = sourcecode.swift; path = AppDelegate.swift; sourceTree = "<group>"; };
		B391C74E23C1904800E821C5 /* SceneDelegate.swift */ = {isa = PBXFileReference; lastKnownFileType = sourcecode.swift; path = SceneDelegate.swift; sourceTree = "<group>"; };
		B391C75323C1904800E821C5 /* Base */ = {isa = PBXFileReference; lastKnownFileType = file.storyboard; name = Base; path = Base.lproj/Main.storyboard; sourceTree = "<group>"; };
		B391C75823C1904900E821C5 /* Base */ = {isa = PBXFileReference; lastKnownFileType = file.storyboard; name = Base; path = Base.lproj/LaunchScreen.storyboard; sourceTree = "<group>"; };
		B391C75A23C1904900E821C5 /* Info.plist */ = {isa = PBXFileReference; lastKnownFileType = text.plist.xml; path = Info.plist; sourceTree = "<group>"; };
		B3976C1C246E3FAF004D0E08 /* HalfViewController.swift */ = {isa = PBXFileReference; lastKnownFileType = sourcecode.swift; path = HalfViewController.swift; sourceTree = "<group>"; };
		B3990B12244AB73200803EB8 /* es-419 */ = {isa = PBXFileReference; lastKnownFileType = text.plist.strings; name = "es-419"; path = "es-419.lproj/Main.strings"; sourceTree = "<group>"; };
		B3990B13244AB73200803EB8 /* es-419 */ = {isa = PBXFileReference; lastKnownFileType = text.plist.strings; name = "es-419"; path = "es-419.lproj/LaunchScreen.strings"; sourceTree = "<group>"; };
		B39C5F612463B8F200607BA4 /* BreakfastsEggs2ViewController.swift */ = {isa = PBXFileReference; lastKnownFileType = sourcecode.swift; path = BreakfastsEggs2ViewController.swift; sourceTree = "<group>"; };
		B3A2486623EA6FD300D11FE6 /* RegisterViewController.swift */ = {isa = PBXFileReference; lastKnownFileType = sourcecode.swift; path = RegisterViewController.swift; sourceTree = "<group>"; };
		B3A2486823EA8AE200D11FE6 /* LoginViewController.swift */ = {isa = PBXFileReference; lastKnownFileType = sourcecode.swift; path = LoginViewController.swift; sourceTree = "<group>"; };
		B3A2486A23EA8AF200D11FE6 /* MenuViewController.swift */ = {isa = PBXFileReference; lastKnownFileType = sourcecode.swift; path = MenuViewController.swift; sourceTree = "<group>"; };
		B3A3404D23F4EFEE002F4224 /* ExtraIngredientViewController.swift */ = {isa = PBXFileReference; lastKnownFileType = sourcecode.swift; path = ExtraIngredientViewController.swift; sourceTree = "<group>"; };
		B3A3404F23F4F3C3002F4224 /* ExtraIngredient.swift */ = {isa = PBXFileReference; lastKnownFileType = sourcecode.swift; path = ExtraIngredient.swift; sourceTree = "<group>"; };
		B3AE4DD0244CF7850055A304 /* BreakfastsViewController.swift */ = {isa = PBXFileReference; lastKnownFileType = sourcecode.swift; path = BreakfastsViewController.swift; sourceTree = "<group>"; };
		B3B365F02431D35B000E2064 /* Counters.swift */ = {isa = PBXFileReference; lastKnownFileType = sourcecode.swift; path = Counters.swift; sourceTree = "<group>"; };
		B3B9013423F0F8E90023F39C /* MenuTabBarViewController.swift */ = {isa = PBXFileReference; lastKnownFileType = sourcecode.swift; path = MenuTabBarViewController.swift; sourceTree = "<group>"; };
		B3B9013623F0FAF20023F39C /* AccountViewController.swift */ = {isa = PBXFileReference; lastKnownFileType = sourcecode.swift; path = AccountViewController.swift; sourceTree = "<group>"; };
		B3B9013823F1027C0023F39C /* WelcomeViewController.swift */ = {isa = PBXFileReference; lastKnownFileType = sourcecode.swift; path = WelcomeViewController.swift; sourceTree = "<group>"; };
		B3D58F882466492300B357FC /* SaucersViewController.swift */ = {isa = PBXFileReference; lastKnownFileType = sourcecode.swift; path = SaucersViewController.swift; sourceTree = "<group>"; };
		B3E17097244427C40019842F /* AppManager.swift */ = {isa = PBXFileReference; lastKnownFileType = sourcecode.swift; path = AppManager.swift; sourceTree = "<group>"; };
		B3ED9BCC2457DA40004F1E60 /* RefreshmentsTableViewCell.swift */ = {isa = PBXFileReference; lastKnownFileType = sourcecode.swift; path = RefreshmentsTableViewCell.swift; sourceTree = "<group>"; };
		B3ED9BCD2457DA40004F1E60 /* RefreshmentsTableViewCell.xib */ = {isa = PBXFileReference; lastKnownFileType = file.xib; path = RefreshmentsTableViewCell.xib; sourceTree = "<group>"; };
		B3ED9BD02457DFC9004F1E60 /* KidsViewController.swift */ = {isa = PBXFileReference; lastKnownFileType = sourcecode.swift; path = KidsViewController.swift; sourceTree = "<group>"; };
/* End PBXFileReference section */

/* Begin PBXFrameworksBuildPhase section */
		B391C74623C1904800E821C5 /* Frameworks */ = {
			isa = PBXFrameworksBuildPhase;
			buildActionMask = 2147483647;
			files = (
				B30126C9244573D300A80C1A /* Pods_Pizzeria_Los_Arcos.framework in Frameworks */,
				B364E45C24232758008B7858 /* IQKeyboardManagerSwift in Frameworks */,
			);
			runOnlyForDeploymentPostprocessing = 0;
		};
/* End PBXFrameworksBuildPhase section */

/* Begin PBXGroup section */
		93664E2B118D98F33C82C509 /* Pods */ = {
			isa = PBXGroup;
			children = (
				180BEA9D03ED3D5B15223751 /* Pods-Pizzeria Los Arcos.debug.xcconfig */,
				06EA3503E2432B1E9F33EC14 /* Pods-Pizzeria Los Arcos.release.xcconfig */,
			);
			path = Pods;
			sourceTree = "<group>";
		};
		B391C74023C1904800E821C5 = {
			isa = PBXGroup;
			children = (
				B391C74B23C1904800E821C5 /* Pizzeria Los Arcos */,
				B391C74A23C1904800E821C5 /* Products */,
				93664E2B118D98F33C82C509 /* Pods */,
				F40C411DE8AC472E250A12CA /* Frameworks */,
			);
			sourceTree = "<group>";
		};
		B391C74A23C1904800E821C5 /* Products */ = {
			isa = PBXGroup;
			children = (
				B391C74923C1904800E821C5 /* Pizzería Los Arcos Gómez Morin.app */,
			);
			name = Products;
			sourceTree = "<group>";
		};
		B391C74B23C1904800E821C5 /* Pizzeria Los Arcos */ = {
			isa = PBXGroup;
			children = (
				B390A2582436DD3400EBF542 /* TerminosCondiciones.html */,
				B390A25A2436E0C200EBF542 /* AvisoPrivacidad.html */,
				B371A44D23ED286D009C02D5 /* Pizzería Los Arcos.entitlements */,
				B391C74C23C1904800E821C5 /* AppDelegate.swift */,
				B3E17097244427C40019842F /* AppManager.swift */,
				B391C74E23C1904800E821C5 /* SceneDelegate.swift */,
				B371A44A23ED2194009C02D5 /* Assets.xcassets */,
				B3AA728223E9300E006D399F /* Models */,
				B3AA728023E92F6F006D399F /* Views */,
				B3AA728123E92F77006D399F /* Controllers */,
				B391C75723C1904900E821C5 /* LaunchScreen.storyboard */,
				B391C75A23C1904900E821C5 /* Info.plist */,
				B371A44823ED1F1B009C02D5 /* GoogleService-Info.plist */,
				B37A162023F2643600B8607F /* K.swift */,
				B37E22A3244BBF3400A08F63 /* Pizzeria Los Arcos-Bridging-Header.h */,
			);
			path = "Pizzeria Los Arcos";
			sourceTree = "<group>";
		};
		B3AA728023E92F6F006D399F /* Views */ = {
			isa = PBXGroup;
			children = (
				B391C75223C1904800E821C5 /* Main.storyboard */,
				B352121C23F3991B0046A46E /* FoodCell.swift */,
				B352121D23F3991B0046A46E /* FoodCell.xib */,
				B3704C1E23FCCFBD00D51C38 /* ListOrderCell.swift */,
				B3704C1F23FCCFBD00D51C38 /* ListOrderCell.xib */,
				B3744DB32444F8BA00186873 /* OrderCell.swift */,
				B3744DB42444F8BA00186873 /* OrderCell.xib */,
				B3ED9BCC2457DA40004F1E60 /* RefreshmentsTableViewCell.swift */,
				B3ED9BCD2457DA40004F1E60 /* RefreshmentsTableViewCell.xib */,
				B37E22A7244BC15000A08F63 /* SSBadgeButton.swift */,
			);
			path = Views;
			sourceTree = "<group>";
		};
		B3AA728123E92F77006D399F /* Controllers */ = {
			isa = PBXGroup;
			children = (
				B37A161A23F2564400B8607F /* OrdersViewController.swift */,
				B3A2486A23EA8AF200D11FE6 /* MenuViewController.swift */,
				B3A2486823EA8AE200D11FE6 /* LoginViewController.swift */,
				B3B9013823F1027C0023F39C /* WelcomeViewController.swift */,
				B37252D9243301E30071AAD8 /* TermsAndConditionsViewController.swift */,
				B36F3C35243595130048C7E6 /* TermsDetailsViewController.swift */,
				B3A2486623EA6FD300D11FE6 /* RegisterViewController.swift */,
				B371A44E23ED34F9009C02D5 /* RegisterNumberViewController.swift */,
				B37EFD2223EE520C004B1A7A /* VericationCodeViewController.swift */,
				B37EFD2423EE58C6004B1A7A /* CreatePasswordViewController.swift */,
				B3B9013423F0F8E90023F39C /* MenuTabBarViewController.swift */,
				B3B9013623F0FAF20023F39C /* AccountViewController.swift */,
				B37A162223F2677800B8607F /* FoodViewController.swift */,
				B37A162423F2694F00B8607F /* PizzasViewController.swift */,
				B35B27C924075C720095A18F /* BurgerViewController.swift */,
				B3D58F882466492300B357FC /* SaucersViewController.swift */,
				B3AE4DD0244CF7850055A304 /* BreakfastsViewController.swift */,
				B369C81924611A4B00EDCF65 /* BreakfastsEggsViewController.swift */,
				B39C5F612463B8F200607BA4 /* BreakfastsEggs2ViewController.swift */,
				B33DBF1B240CBF5300E8AFBB /* DrinksViewController.swift */,
				B3ED9BD02457DFC9004F1E60 /* KidsViewController.swift */,
				B3A3404D23F4EFEE002F4224 /* ExtraIngredientViewController.swift */,
				B3976C1C246E3FAF004D0E08 /* HalfViewController.swift */,
				B316BC782470D7DD00C22CE5 /* ScrambledEggsViewController.swift */,
				B3744DAF2444F69800186873 /* HistoryOrdersTableViewController.swift */,
				B3744DB724451E5400186873 /* DetailOrderViewController.swift */,
			);
			path = Controllers;
			sourceTree = "<group>";
		};
		B3AA728223E9300E006D399F /* Models */ = {
			isa = PBXGroup;
			children = (
				B37A161C23F2579700B8607F /* Orders.swift */,
				B37A161E23F25A8F00B8607F /* Food.swift */,
				B34820282400E103009BBEC5 /* FoodMenu.swift */,
				B3A3404F23F4F3C3002F4224 /* ExtraIngredient.swift */,
				B38AAE2E240365F700C5CDFD /* ExtraIngreditMenu.swift */,
				B3B365F02431D35B000E2064 /* Counters.swift */,
				B3744DB12444F82900186873 /* OrderHistory.swift */,
			);
			path = Models;
			sourceTree = "<group>";
		};
		F40C411DE8AC472E250A12CA /* Frameworks */ = {
			isa = PBXGroup;
			children = (
				3750D44A2B553E2E4B3AEC8E /* Pods_Pizzeria_Los_Arcos.framework */,
			);
			name = Frameworks;
			sourceTree = "<group>";
		};
/* End PBXGroup section */

/* Begin PBXNativeTarget section */
		B391C74823C1904800E821C5 /* Pizzeria Los Arcos */ = {
			isa = PBXNativeTarget;
			buildConfigurationList = B391C75D23C1904900E821C5 /* Build configuration list for PBXNativeTarget "Pizzeria Los Arcos" */;
			buildPhases = (
				54D125249038A06C6A120B5A /* [CP] Check Pods Manifest.lock */,
				B391C74523C1904800E821C5 /* Sources */,
				B391C74623C1904800E821C5 /* Frameworks */,
				B391C74723C1904800E821C5 /* Resources */,
				F8AC58ECABF72A5F9BFD2FD4 /* [CP] Embed Pods Frameworks */,
			);
			buildRules = (
			);
			dependencies = (
			);
			name = "Pizzeria Los Arcos";
			packageProductDependencies = (
				B364E45B24232758008B7858 /* IQKeyboardManagerSwift */,
			);
			productName = "Pizzeria Los Arcos";
			productReference = B391C74923C1904800E821C5 /* Pizzería Los Arcos Gómez Morin.app */;
			productType = "com.apple.product-type.application";
		};
/* End PBXNativeTarget section */

/* Begin PBXProject section */
		B391C74123C1904800E821C5 /* Project object */ = {
			isa = PBXProject;
			attributes = {
				LastSwiftUpdateCheck = 1130;
				LastUpgradeCheck = 1130;
				ORGANIZATIONNAME = "Edgar López Enríquez";
				TargetAttributes = {
					B391C74823C1904800E821C5 = {
						CreatedOnToolsVersion = 11.3;
						LastSwiftMigration = 1140;
					};
				};
			};
			buildConfigurationList = B391C74423C1904800E821C5 /* Build configuration list for PBXProject "Pizzeria Los Arcos" */;
			compatibilityVersion = "Xcode 9.3";
			developmentRegion = en;
			hasScannedForEncodings = 0;
			knownRegions = (
				en,
				Base,
				"es-419",
			);
			mainGroup = B391C74023C1904800E821C5;
			packageReferences = (
				B364E45A24232758008B7858 /* XCRemoteSwiftPackageReference "IQKeyboardManager" */,
			);
			productRefGroup = B391C74A23C1904800E821C5 /* Products */;
			projectDirPath = "";
			projectRoot = "";
			targets = (
				B391C74823C1904800E821C5 /* Pizzeria Los Arcos */,
			);
		};
/* End PBXProject section */

/* Begin PBXResourcesBuildPhase section */
		B391C74723C1904800E821C5 /* Resources */ = {
			isa = PBXResourcesBuildPhase;
			buildActionMask = 2147483647;
			files = (
				B390A25B2436E0C200EBF542 /* AvisoPrivacidad.html in Resources */,
				B3ED9BCF2457DA40004F1E60 /* RefreshmentsTableViewCell.xib in Resources */,
				B391C75923C1904900E821C5 /* LaunchScreen.storyboard in Resources */,
				B371A44923ED1F1B009C02D5 /* GoogleService-Info.plist in Resources */,
				B3704C2123FCCFBD00D51C38 /* ListOrderCell.xib in Resources */,
				B352121F23F3991B0046A46E /* FoodCell.xib in Resources */,
				B371A44B23ED2194009C02D5 /* Assets.xcassets in Resources */,
				B390A2592436DD3400EBF542 /* TerminosCondiciones.html in Resources */,
				B391C75423C1904800E821C5 /* Main.storyboard in Resources */,
				B3744DB62444F8BA00186873 /* OrderCell.xib in Resources */,
			);
			runOnlyForDeploymentPostprocessing = 0;
		};
/* End PBXResourcesBuildPhase section */

/* Begin PBXShellScriptBuildPhase section */
		54D125249038A06C6A120B5A /* [CP] Check Pods Manifest.lock */ = {
			isa = PBXShellScriptBuildPhase;
			buildActionMask = 2147483647;
			files = (
			);
			inputFileListPaths = (
			);
			inputPaths = (
				"${PODS_PODFILE_DIR_PATH}/Podfile.lock",
				"${PODS_ROOT}/Manifest.lock",
			);
			name = "[CP] Check Pods Manifest.lock";
			outputFileListPaths = (
			);
			outputPaths = (
				"$(DERIVED_FILE_DIR)/Pods-Pizzeria Los Arcos-checkManifestLockResult.txt",
			);
			runOnlyForDeploymentPostprocessing = 0;
			shellPath = /bin/sh;
			shellScript = "diff \"${PODS_PODFILE_DIR_PATH}/Podfile.lock\" \"${PODS_ROOT}/Manifest.lock\" > /dev/null\nif [ $? != 0 ] ; then\n    # print error to STDERR\n    echo \"error: The sandbox is not in sync with the Podfile.lock. Run 'pod install' or update your CocoaPods installation.\" >&2\n    exit 1\nfi\n# This output is used by Xcode 'outputs' to avoid re-running this script phase.\necho \"SUCCESS\" > \"${SCRIPT_OUTPUT_FILE_0}\"\n";
			showEnvVarsInLog = 0;
		};
		F8AC58ECABF72A5F9BFD2FD4 /* [CP] Embed Pods Frameworks */ = {
			isa = PBXShellScriptBuildPhase;
			buildActionMask = 2147483647;
			files = (
			);
			inputFileListPaths = (
				"${PODS_ROOT}/Target Support Files/Pods-Pizzeria Los Arcos/Pods-Pizzeria Los Arcos-frameworks-${CONFIGURATION}-input-files.xcfilelist",
			);
			name = "[CP] Embed Pods Frameworks";
			outputFileListPaths = (
				"${PODS_ROOT}/Target Support Files/Pods-Pizzeria Los Arcos/Pods-Pizzeria Los Arcos-frameworks-${CONFIGURATION}-output-files.xcfilelist",
			);
			runOnlyForDeploymentPostprocessing = 0;
			shellPath = /bin/sh;
			shellScript = "\"${PODS_ROOT}/Target Support Files/Pods-Pizzeria Los Arcos/Pods-Pizzeria Los Arcos-frameworks.sh\"\n";
			showEnvVarsInLog = 0;
		};
/* End PBXShellScriptBuildPhase section */

/* Begin PBXSourcesBuildPhase section */
		B391C74523C1904800E821C5 /* Sources */ = {
			isa = PBXSourcesBuildPhase;
			buildActionMask = 2147483647;
			files = (
				B3D58F892466492300B357FC /* SaucersViewController.swift in Sources */,
				B3A2486B23EA8AF200D11FE6 /* MenuViewController.swift in Sources */,
				B3ED9BD12457DFCA004F1E60 /* KidsViewController.swift in Sources */,
				B3744DB52444F8BA00186873 /* OrderCell.swift in Sources */,
				B38AAE2F240365F700C5CDFD /* ExtraIngreditMenu.swift in Sources */,
				B391C74D23C1904800E821C5 /* AppDelegate.swift in Sources */,
				B3B9013923F1027C0023F39C /* WelcomeViewController.swift in Sources */,
				B3AE4DD1244CF7850055A304 /* BreakfastsViewController.swift in Sources */,
				B37A162523F2694F00B8607F /* PizzasViewController.swift in Sources */,
				B369C81A24611A4B00EDCF65 /* BreakfastsEggsViewController.swift in Sources */,
				B37A161D23F2579700B8607F /* Orders.swift in Sources */,
				B371A44F23ED34F9009C02D5 /* RegisterNumberViewController.swift in Sources */,
				B37EFD2523EE58C6004B1A7A /* CreatePasswordViewController.swift in Sources */,
				B352121E23F3991B0046A46E /* FoodCell.swift in Sources */,
				B37A162123F2643600B8607F /* K.swift in Sources */,
				B3744DB824451E5400186873 /* DetailOrderViewController.swift in Sources */,
				B3A3405023F4F3C3002F4224 /* ExtraIngredient.swift in Sources */,
				B37252DA243301E30071AAD8 /* TermsAndConditionsViewController.swift in Sources */,
				B37A161F23F25A8F00B8607F /* Food.swift in Sources */,
				B3A3404E23F4EFEE002F4224 /* ExtraIngredientViewController.swift in Sources */,
				B3B9013523F0F8E90023F39C /* MenuTabBarViewController.swift in Sources */,
				B391C74F23C1904800E821C5 /* SceneDelegate.swift in Sources */,
				B36F3C36243595130048C7E6 /* TermsDetailsViewController.swift in Sources */,
				B35B27CA24075C720095A18F /* BurgerViewController.swift in Sources */,
				B37A162323F2677800B8607F /* FoodViewController.swift in Sources */,
				B37E22A8244BC15000A08F63 /* SSBadgeButton.swift in Sources */,
				B3ED9BCE2457DA40004F1E60 /* RefreshmentsTableViewCell.swift in Sources */,
				B39C5F622463B8F200607BA4 /* BreakfastsEggs2ViewController.swift in Sources */,
				B34820292400E103009BBEC5 /* FoodMenu.swift in Sources */,
				B3744DB02444F69800186873 /* HistoryOrdersTableViewController.swift in Sources */,
				B3E17098244427C40019842F /* AppManager.swift in Sources */,
				B3704C2023FCCFBD00D51C38 /* ListOrderCell.swift in Sources */,
				B3976C1D246E3FAF004D0E08 /* HalfViewController.swift in Sources */,
				B33DBF1C240CBF5300E8AFBB /* DrinksViewController.swift in Sources */,
				B37A161B23F2564400B8607F /* OrdersViewController.swift in Sources */,
				B3A2486923EA8AE200D11FE6 /* LoginViewController.swift in Sources */,
				B316BC792470D7DD00C22CE5 /* ScrambledEggsViewController.swift in Sources */,
				B3744DB22444F82900186873 /* OrderHistory.swift in Sources */,
				B3A2486723EA6FD300D11FE6 /* RegisterViewController.swift in Sources */,
				B37EFD2323EE520C004B1A7A /* VericationCodeViewController.swift in Sources */,
				B3B365F12431D35B000E2064 /* Counters.swift in Sources */,
				B3B9013723F0FAF20023F39C /* AccountViewController.swift in Sources */,
			);
			runOnlyForDeploymentPostprocessing = 0;
		};
/* End PBXSourcesBuildPhase section */

/* Begin PBXVariantGroup section */
		B391C75223C1904800E821C5 /* Main.storyboard */ = {
			isa = PBXVariantGroup;
			children = (
				B391C75323C1904800E821C5 /* Base */,
				B3990B12244AB73200803EB8 /* es-419 */,
			);
			name = Main.storyboard;
			sourceTree = "<group>";
		};
		B391C75723C1904900E821C5 /* LaunchScreen.storyboard */ = {
			isa = PBXVariantGroup;
			children = (
				B391C75823C1904900E821C5 /* Base */,
				B3990B13244AB73200803EB8 /* es-419 */,
			);
			name = LaunchScreen.storyboard;
			sourceTree = "<group>";
		};
/* End PBXVariantGroup section */

/* Begin XCBuildConfiguration section */
		B391C75B23C1904900E821C5 /* Debug */ = {
			isa = XCBuildConfiguration;
			buildSettings = {
				ALWAYS_SEARCH_USER_PATHS = NO;
				CLANG_ANALYZER_LOCALIZABILITY_NONLOCALIZED = YES;
				CLANG_ANALYZER_NONNULL = YES;
				CLANG_ANALYZER_NUMBER_OBJECT_CONVERSION = YES_AGGRESSIVE;
				CLANG_CXX_LANGUAGE_STANDARD = "gnu++14";
				CLANG_CXX_LIBRARY = "libc++";
				CLANG_ENABLE_MODULES = YES;
				CLANG_ENABLE_OBJC_ARC = YES;
				CLANG_ENABLE_OBJC_WEAK = YES;
				CLANG_WARN_BLOCK_CAPTURE_AUTORELEASING = YES;
				CLANG_WARN_BOOL_CONVERSION = YES;
				CLANG_WARN_COMMA = YES;
				CLANG_WARN_CONSTANT_CONVERSION = YES;
				CLANG_WARN_DEPRECATED_OBJC_IMPLEMENTATIONS = YES;
				CLANG_WARN_DIRECT_OBJC_ISA_USAGE = YES_ERROR;
				CLANG_WARN_DOCUMENTATION_COMMENTS = YES;
				CLANG_WARN_EMPTY_BODY = YES;
				CLANG_WARN_ENUM_CONVERSION = YES;
				CLANG_WARN_INFINITE_RECURSION = YES;
				CLANG_WARN_INT_CONVERSION = YES;
				CLANG_WARN_NON_LITERAL_NULL_CONVERSION = YES;
				CLANG_WARN_OBJC_IMPLICIT_RETAIN_SELF = YES;
				CLANG_WARN_OBJC_LITERAL_CONVERSION = YES;
				CLANG_WARN_OBJC_ROOT_CLASS = YES_ERROR;
				CLANG_WARN_RANGE_LOOP_ANALYSIS = YES;
				CLANG_WARN_STRICT_PROTOTYPES = YES;
				CLANG_WARN_SUSPICIOUS_MOVE = YES;
				CLANG_WARN_UNGUARDED_AVAILABILITY = YES_AGGRESSIVE;
				CLANG_WARN_UNREACHABLE_CODE = YES;
				CLANG_WARN__DUPLICATE_METHOD_MATCH = YES;
				COPY_PHASE_STRIP = NO;
				DEBUG_INFORMATION_FORMAT = dwarf;
				ENABLE_STRICT_OBJC_MSGSEND = YES;
				ENABLE_TESTABILITY = YES;
				GCC_C_LANGUAGE_STANDARD = gnu11;
				GCC_DYNAMIC_NO_PIC = NO;
				GCC_NO_COMMON_BLOCKS = YES;
				GCC_OPTIMIZATION_LEVEL = 0;
				GCC_PREPROCESSOR_DEFINITIONS = (
					"DEBUG=1",
					"$(inherited)",
				);
				GCC_WARN_64_TO_32_BIT_CONVERSION = YES;
				GCC_WARN_ABOUT_RETURN_TYPE = YES_ERROR;
				GCC_WARN_UNDECLARED_SELECTOR = YES;
				GCC_WARN_UNINITIALIZED_AUTOS = YES_AGGRESSIVE;
				GCC_WARN_UNUSED_FUNCTION = YES;
				GCC_WARN_UNUSED_VARIABLE = YES;
				IPHONEOS_DEPLOYMENT_TARGET = 13.2;
				MTL_ENABLE_DEBUG_INFO = INCLUDE_SOURCE;
				MTL_FAST_MATH = YES;
				ONLY_ACTIVE_ARCH = YES;
				SDKROOT = iphoneos;
				SWIFT_ACTIVE_COMPILATION_CONDITIONS = DEBUG;
				SWIFT_OPTIMIZATION_LEVEL = "-Onone";
			};
			name = Debug;
		};
		B391C75C23C1904900E821C5 /* Release */ = {
			isa = XCBuildConfiguration;
			buildSettings = {
				ALWAYS_SEARCH_USER_PATHS = NO;
				CLANG_ANALYZER_LOCALIZABILITY_NONLOCALIZED = YES;
				CLANG_ANALYZER_NONNULL = YES;
				CLANG_ANALYZER_NUMBER_OBJECT_CONVERSION = YES_AGGRESSIVE;
				CLANG_CXX_LANGUAGE_STANDARD = "gnu++14";
				CLANG_CXX_LIBRARY = "libc++";
				CLANG_ENABLE_MODULES = YES;
				CLANG_ENABLE_OBJC_ARC = YES;
				CLANG_ENABLE_OBJC_WEAK = YES;
				CLANG_WARN_BLOCK_CAPTURE_AUTORELEASING = YES;
				CLANG_WARN_BOOL_CONVERSION = YES;
				CLANG_WARN_COMMA = YES;
				CLANG_WARN_CONSTANT_CONVERSION = YES;
				CLANG_WARN_DEPRECATED_OBJC_IMPLEMENTATIONS = YES;
				CLANG_WARN_DIRECT_OBJC_ISA_USAGE = YES_ERROR;
				CLANG_WARN_DOCUMENTATION_COMMENTS = YES;
				CLANG_WARN_EMPTY_BODY = YES;
				CLANG_WARN_ENUM_CONVERSION = YES;
				CLANG_WARN_INFINITE_RECURSION = YES;
				CLANG_WARN_INT_CONVERSION = YES;
				CLANG_WARN_NON_LITERAL_NULL_CONVERSION = YES;
				CLANG_WARN_OBJC_IMPLICIT_RETAIN_SELF = YES;
				CLANG_WARN_OBJC_LITERAL_CONVERSION = YES;
				CLANG_WARN_OBJC_ROOT_CLASS = YES_ERROR;
				CLANG_WARN_RANGE_LOOP_ANALYSIS = YES;
				CLANG_WARN_STRICT_PROTOTYPES = YES;
				CLANG_WARN_SUSPICIOUS_MOVE = YES;
				CLANG_WARN_UNGUARDED_AVAILABILITY = YES_AGGRESSIVE;
				CLANG_WARN_UNREACHABLE_CODE = YES;
				CLANG_WARN__DUPLICATE_METHOD_MATCH = YES;
				COPY_PHASE_STRIP = NO;
				DEBUG_INFORMATION_FORMAT = "dwarf-with-dsym";
				ENABLE_NS_ASSERTIONS = NO;
				ENABLE_STRICT_OBJC_MSGSEND = YES;
				GCC_C_LANGUAGE_STANDARD = gnu11;
				GCC_NO_COMMON_BLOCKS = YES;
				GCC_WARN_64_TO_32_BIT_CONVERSION = YES;
				GCC_WARN_ABOUT_RETURN_TYPE = YES_ERROR;
				GCC_WARN_UNDECLARED_SELECTOR = YES;
				GCC_WARN_UNINITIALIZED_AUTOS = YES_AGGRESSIVE;
				GCC_WARN_UNUSED_FUNCTION = YES;
				GCC_WARN_UNUSED_VARIABLE = YES;
				IPHONEOS_DEPLOYMENT_TARGET = 13.2;
				MTL_ENABLE_DEBUG_INFO = NO;
				MTL_FAST_MATH = YES;
				SDKROOT = iphoneos;
				SWIFT_COMPILATION_MODE = wholemodule;
				SWIFT_OPTIMIZATION_LEVEL = "-O";
				VALIDATE_PRODUCT = YES;
			};
			name = Release;
		};
		B391C75E23C1904900E821C5 /* Debug */ = {
			isa = XCBuildConfiguration;
			baseConfigurationReference = 180BEA9D03ED3D5B15223751 /* Pods-Pizzeria Los Arcos.debug.xcconfig */;
			buildSettings = {
				ASSETCATALOG_COMPILER_APPICON_NAME = AppIcon;
				CLANG_ENABLE_MODULES = YES;
				CODE_SIGN_ENTITLEMENTS = "Pizzeria Los Arcos/Pizzería Los Arcos.entitlements";
				CODE_SIGN_STYLE = Automatic;
				CURRENT_PROJECT_VERSION = 05182020;
				DEVELOPMENT_TEAM = PSBA95AV5R;
				INFOPLIST_FILE = "Pizzeria Los Arcos/Info.plist";
				IPHONEOS_DEPLOYMENT_TARGET = 13.0;
				LD_RUNPATH_SEARCH_PATHS = (
					"$(inherited)",
					"@executable_path/Frameworks",
				);
				MACH_O_TYPE = mh_execute;
				MARKETING_VERSION = 1.0.3;
				PRODUCT_BUNDLE_IDENTIFIER = "com.edgarlopez.Pizzeria-Los-Arcos";
				PRODUCT_NAME = "Pizzería Los Arcos Gómez Morin";
				SWIFT_OBJC_BRIDGING_HEADER = "Pizzeria Los Arcos/Pizzeria Los Arcos-Bridging-Header.h";
				SWIFT_OPTIMIZATION_LEVEL = "-Onone";
				SWIFT_VERSION = 5.0;
				TARGETED_DEVICE_FAMILY = 1;
			};
			name = Debug;
		};
		B391C75F23C1904900E821C5 /* Release */ = {
			isa = XCBuildConfiguration;
			baseConfigurationReference = 06EA3503E2432B1E9F33EC14 /* Pods-Pizzeria Los Arcos.release.xcconfig */;
			buildSettings = {
				ASSETCATALOG_COMPILER_APPICON_NAME = AppIcon;
				CLANG_ENABLE_MODULES = YES;
				CODE_SIGN_ENTITLEMENTS = "Pizzeria Los Arcos/Pizzería Los Arcos.entitlements";
				CODE_SIGN_STYLE = Automatic;
				CURRENT_PROJECT_VERSION = 05182020;
				DEVELOPMENT_TEAM = PSBA95AV5R;
				INFOPLIST_FILE = "Pizzeria Los Arcos/Info.plist";
				IPHONEOS_DEPLOYMENT_TARGET = 13.0;
				LD_RUNPATH_SEARCH_PATHS = (
					"$(inherited)",
					"@executable_path/Frameworks",
				);
				MACH_O_TYPE = mh_execute;
				MARKETING_VERSION = 1.0.3;
				PRODUCT_BUNDLE_IDENTIFIER = "com.edgarlopez.Pizzeria-Los-Arcos";
				PRODUCT_NAME = "Pizzería Los Arcos Gómez Morin";
				SWIFT_OBJC_BRIDGING_HEADER = "Pizzeria Los Arcos/Pizzeria Los Arcos-Bridging-Header.h";
				SWIFT_VERSION = 5.0;
				TARGETED_DEVICE_FAMILY = 1;
			};
			name = Release;
		};
/* End XCBuildConfiguration section */

/* Begin XCConfigurationList section */
		B391C74423C1904800E821C5 /* Build configuration list for PBXProject "Pizzeria Los Arcos" */ = {
			isa = XCConfigurationList;
			buildConfigurations = (
				B391C75B23C1904900E821C5 /* Debug */,
				B391C75C23C1904900E821C5 /* Release */,
			);
			defaultConfigurationIsVisible = 0;
			defaultConfigurationName = Release;
		};
		B391C75D23C1904900E821C5 /* Build configuration list for PBXNativeTarget "Pizzeria Los Arcos" */ = {
			isa = XCConfigurationList;
			buildConfigurations = (
				B391C75E23C1904900E821C5 /* Debug */,
				B391C75F23C1904900E821C5 /* Release */,
			);
			defaultConfigurationIsVisible = 0;
			defaultConfigurationName = Release;
		};
/* End XCConfigurationList section */

/* Begin XCRemoteSwiftPackageReference section */
		B364E45A24232758008B7858 /* XCRemoteSwiftPackageReference "IQKeyboardManager" */ = {
			isa = XCRemoteSwiftPackageReference;
			repositoryURL = "https://github.com/hackiftekhar/IQKeyboardManager";
			requirement = {
				kind = upToNextMajorVersion;
				minimumVersion = 6.5.5;
			};
		};
/* End XCRemoteSwiftPackageReference section */

/* Begin XCSwiftPackageProductDependency section */
		B364E45B24232758008B7858 /* IQKeyboardManagerSwift */ = {
			isa = XCSwiftPackageProductDependency;
			package = B364E45A24232758008B7858 /* XCRemoteSwiftPackageReference "IQKeyboardManager" */;
			productName = IQKeyboardManagerSwift;
		};
/* End XCSwiftPackageProductDependency section */
	};
	rootObject = B391C74123C1904800E821C5 /* Project object */;
}
